// !$*UTF8*$!
{
	archiveVersion = 1;
	classes = {
	};
	objectVersion = 52;
	objects = {

/* Begin PBXBuildFile section */
		F559D97826E0A99400F5FDBF /* TodoerApp.swift in Sources */ = {isa = PBXBuildFile; fileRef = F559D97726E0A99400F5FDBF /* TodoerApp.swift */; };
		F559D97A26E0A99400F5FDBF /* ContentView.swift in Sources */ = {isa = PBXBuildFile; fileRef = F559D97926E0A99400F5FDBF /* ContentView.swift */; };
		F559D97C26E0A99500F5FDBF /* Assets.xcassets in Resources */ = {isa = PBXBuildFile; fileRef = F559D97B26E0A99500F5FDBF /* Assets.xcassets */; };
		F559D97F26E0A99500F5FDBF /* Preview Assets.xcassets in Resources */ = {isa = PBXBuildFile; fileRef = F559D97E26E0A99500F5FDBF /* Preview Assets.xcassets */; };
		F559D98126E0A99500F5FDBF /* Persistence.swift in Sources */ = {isa = PBXBuildFile; fileRef = F559D98026E0A99500F5FDBF /* Persistence.swift */; };
		F559D98426E0A99500F5FDBF /* Todoer.xcdatamodeld in Sources */ = {isa = PBXBuildFile; fileRef = F559D98226E0A99500F5FDBF /* Todoer.xcdatamodeld */; };
		F559D98F26E0A99500F5FDBF /* TodoerTests.swift in Sources */ = {isa = PBXBuildFile; fileRef = F559D98E26E0A99500F5FDBF /* TodoerTests.swift */; };
		F559D99A26E0A99500F5FDBF /* TodoerUITests.swift in Sources */ = {isa = PBXBuildFile; fileRef = F559D99926E0A99500F5FDBF /* TodoerUITests.swift */; };
		F5C74FDA26E0FF4D0084084C /* Drawer in Frameworks */ = {isa = PBXBuildFile; productRef = F5C74FD926E0FF4D0084084C /* Drawer */; };
/* End PBXBuildFile section */

/* Begin PBXContainerItemProxy section */
		F559D98B26E0A99500F5FDBF /* PBXContainerItemProxy */ = {
			isa = PBXContainerItemProxy;
			containerPortal = F559D96C26E0A99400F5FDBF /* Project object */;
			proxyType = 1;
			remoteGlobalIDString = F559D97326E0A99400F5FDBF;
			remoteInfo = Todoer;
		};
		F559D99626E0A99500F5FDBF /* PBXContainerItemProxy */ = {
			isa = PBXContainerItemProxy;
			containerPortal = F559D96C26E0A99400F5FDBF /* Project object */;
			proxyType = 1;
			remoteGlobalIDString = F559D97326E0A99400F5FDBF;
			remoteInfo = Todoer;
		};
/* End PBXContainerItemProxy section */

/* Begin PBXFileReference section */
		F559D97426E0A99400F5FDBF /* Todoer.app */ = {isa = PBXFileReference; explicitFileType = wrapper.application; includeInIndex = 0; path = Todoer.app; sourceTree = BUILT_PRODUCTS_DIR; };
		F559D97726E0A99400F5FDBF /* TodoerApp.swift */ = {isa = PBXFileReference; lastKnownFileType = sourcecode.swift; path = TodoerApp.swift; sourceTree = "<group>"; };
		F559D97926E0A99400F5FDBF /* ContentView.swift */ = {isa = PBXFileReference; lastKnownFileType = sourcecode.swift; path = ContentView.swift; sourceTree = "<group>"; };
		F559D97B26E0A99500F5FDBF /* Assets.xcassets */ = {isa = PBXFileReference; lastKnownFileType = folder.assetcatalog; path = Assets.xcassets; sourceTree = "<group>"; };
		F559D97E26E0A99500F5FDBF /* Preview Assets.xcassets */ = {isa = PBXFileReference; lastKnownFileType = folder.assetcatalog; path = "Preview Assets.xcassets"; sourceTree = "<group>"; };
		F559D98026E0A99500F5FDBF /* Persistence.swift */ = {isa = PBXFileReference; lastKnownFileType = sourcecode.swift; path = Persistence.swift; sourceTree = "<group>"; };
		F559D98326E0A99500F5FDBF /* Todoer.xcdatamodel */ = {isa = PBXFileReference; lastKnownFileType = wrapper.xcdatamodel; path = Todoer.xcdatamodel; sourceTree = "<group>"; };
		F559D98526E0A99500F5FDBF /* Info.plist */ = {isa = PBXFileReference; lastKnownFileType = text.plist.xml; path = Info.plist; sourceTree = "<group>"; };
		F559D98A26E0A99500F5FDBF /* TodoerTests.xctest */ = {isa = PBXFileReference; explicitFileType = wrapper.cfbundle; includeInIndex = 0; path = TodoerTests.xctest; sourceTree = BUILT_PRODUCTS_DIR; };
		F559D98E26E0A99500F5FDBF /* TodoerTests.swift */ = {isa = PBXFileReference; lastKnownFileType = sourcecode.swift; path = TodoerTests.swift; sourceTree = "<group>"; };
		F559D99026E0A99500F5FDBF /* Info.plist */ = {isa = PBXFileReference; lastKnownFileType = text.plist.xml; path = Info.plist; sourceTree = "<group>"; };
		F559D99526E0A99500F5FDBF /* TodoerUITests.xctest */ = {isa = PBXFileReference; explicitFileType = wrapper.cfbundle; includeInIndex = 0; path = TodoerUITests.xctest; sourceTree = BUILT_PRODUCTS_DIR; };
		F559D99926E0A99500F5FDBF /* TodoerUITests.swift */ = {isa = PBXFileReference; lastKnownFileType = sourcecode.swift; path = TodoerUITests.swift; sourceTree = "<group>"; };
		F559D99B26E0A99500F5FDBF /* Info.plist */ = {isa = PBXFileReference; lastKnownFileType = text.plist.xml; path = Info.plist; sourceTree = "<group>"; };
/* End PBXFileReference section */

/* Begin PBXFrameworksBuildPhase section */
		F559D97126E0A99400F5FDBF /* Frameworks */ = {
			isa = PBXFrameworksBuildPhase;
			buildActionMask = 2147483647;
			files = (
				F5C74FDA26E0FF4D0084084C /* Drawer in Frameworks */,
			);
			runOnlyForDeploymentPostprocessing = 0;
		};
		F559D98726E0A99500F5FDBF /* Frameworks */ = {
			isa = PBXFrameworksBuildPhase;
			buildActionMask = 2147483647;
			files = (
			);
			runOnlyForDeploymentPostprocessing = 0;
		};
		F559D99226E0A99500F5FDBF /* Frameworks */ = {
			isa = PBXFrameworksBuildPhase;
			buildActionMask = 2147483647;
			files = (
			);
			runOnlyForDeploymentPostprocessing = 0;
		};
/* End PBXFrameworksBuildPhase section */

/* Begin PBXGroup section */
		F559D96B26E0A99400F5FDBF = {
			isa = PBXGroup;
			children = (
				F559D97626E0A99400F5FDBF /* Todoer */,
				F559D98D26E0A99500F5FDBF /* TodoerTests */,
				F559D99826E0A99500F5FDBF /* TodoerUITests */,
				F559D97526E0A99400F5FDBF /* Products */,
			);
			sourceTree = "<group>";
		};
		F559D97526E0A99400F5FDBF /* Products */ = {
			isa = PBXGroup;
			children = (
				F559D97426E0A99400F5FDBF /* Todoer.app */,
				F559D98A26E0A99500F5FDBF /* TodoerTests.xctest */,
				F559D99526E0A99500F5FDBF /* TodoerUITests.xctest */,
			);
			name = Products;
			sourceTree = "<group>";
		};
		F559D97626E0A99400F5FDBF /* Todoer */ = {
			isa = PBXGroup;
			children = (
				F5C74FDB26E10EE10084084C /* View */,
				F559D9C726E0F24100F5FDBF /* Entities */,
				F559D97726E0A99400F5FDBF /* TodoerApp.swift */,
				F559D97926E0A99400F5FDBF /* ContentView.swift */,
				F559D97B26E0A99500F5FDBF /* Assets.xcassets */,
				F559D98026E0A99500F5FDBF /* Persistence.swift */,
				F559D98526E0A99500F5FDBF /* Info.plist */,
				F559D98226E0A99500F5FDBF /* Todoer.xcdatamodeld */,
				F559D97D26E0A99500F5FDBF /* Preview Content */,
			);
			path = Todoer;
			sourceTree = "<group>";
		};
		F559D97D26E0A99500F5FDBF /* Preview Content */ = {
			isa = PBXGroup;
			children = (
				F559D97E26E0A99500F5FDBF /* Preview Assets.xcassets */,
			);
			path = "Preview Content";
			sourceTree = "<group>";
		};
		F559D98D26E0A99500F5FDBF /* TodoerTests */ = {
			isa = PBXGroup;
			children = (
				F559D98E26E0A99500F5FDBF /* TodoerTests.swift */,
				F559D99026E0A99500F5FDBF /* Info.plist */,
			);
			path = TodoerTests;
			sourceTree = "<group>";
		};
		F559D99826E0A99500F5FDBF /* TodoerUITests */ = {
			isa = PBXGroup;
			children = (
				F559D99926E0A99500F5FDBF /* TodoerUITests.swift */,
				F559D99B26E0A99500F5FDBF /* Info.plist */,
			);
			path = TodoerUITests;
			sourceTree = "<group>";
		};
		F559D9C726E0F24100F5FDBF /* Entities */ = {
			isa = PBXGroup;
			children = (
			);
			path = Entities;
			sourceTree = "<group>";
		};
		F5C74FDB26E10EE10084084C /* View */ = {
			isa = PBXGroup;
			children = (
				F5C74FDD26E10F040084084C /* Task */,
				F5C74FDC26E10EF80084084C /* Category */,
			);
			path = View;
			sourceTree = "<group>";
		};
		F5C74FDC26E10EF80084084C /* Category */ = {
			isa = PBXGroup;
			children = (
			);
			path = Category;
			sourceTree = "<group>";
		};
		F5C74FDD26E10F040084084C /* Task */ = {
			isa = PBXGroup;
			children = (
			);
			path = Task;
			sourceTree = "<group>";
		};
/* End PBXGroup section */

/* Begin PBXNativeTarget section */
		F559D97326E0A99400F5FDBF /* Todoer */ = {
			isa = PBXNativeTarget;
			buildConfigurationList = F559D99E26E0A99500F5FDBF /* Build configuration list for PBXNativeTarget "Todoer" */;
			buildPhases = (
				F559D97026E0A99400F5FDBF /* Sources */,
				F559D97126E0A99400F5FDBF /* Frameworks */,
				F559D97226E0A99400F5FDBF /* Resources */,
			);
			buildRules = (
			);
			dependencies = (
			);
			name = Todoer;
			packageProductDependencies = (
				F5C74FD926E0FF4D0084084C /* Drawer */,
			);
			productName = Todoer;
			productReference = F559D97426E0A99400F5FDBF /* Todoer.app */;
			productType = "com.apple.product-type.application";
		};
		F559D98926E0A99500F5FDBF /* TodoerTests */ = {
			isa = PBXNativeTarget;
			buildConfigurationList = F559D9A126E0A99500F5FDBF /* Build configuration list for PBXNativeTarget "TodoerTests" */;
			buildPhases = (
				F559D98626E0A99500F5FDBF /* Sources */,
				F559D98726E0A99500F5FDBF /* Frameworks */,
				F559D98826E0A99500F5FDBF /* Resources */,
			);
			buildRules = (
			);
			dependencies = (
				F559D98C26E0A99500F5FDBF /* PBXTargetDependency */,
			);
			name = TodoerTests;
			productName = TodoerTests;
			productReference = F559D98A26E0A99500F5FDBF /* TodoerTests.xctest */;
			productType = "com.apple.product-type.bundle.unit-test";
		};
		F559D99426E0A99500F5FDBF /* TodoerUITests */ = {
			isa = PBXNativeTarget;
			buildConfigurationList = F559D9A426E0A99500F5FDBF /* Build configuration list for PBXNativeTarget "TodoerUITests" */;
			buildPhases = (
				F559D99126E0A99500F5FDBF /* Sources */,
				F559D99226E0A99500F5FDBF /* Frameworks */,
				F559D99326E0A99500F5FDBF /* Resources */,
			);
			buildRules = (
			);
			dependencies = (
				F559D99726E0A99500F5FDBF /* PBXTargetDependency */,
			);
			name = TodoerUITests;
			productName = TodoerUITests;
			productReference = F559D99526E0A99500F5FDBF /* TodoerUITests.xctest */;
			productType = "com.apple.product-type.bundle.ui-testing";
		};
/* End PBXNativeTarget section */

/* Begin PBXProject section */
		F559D96C26E0A99400F5FDBF /* Project object */ = {
			isa = PBXProject;
			attributes = {
				LastSwiftUpdateCheck = 1250;
				LastUpgradeCheck = 1250;
				TargetAttributes = {
					F559D97326E0A99400F5FDBF = {
						CreatedOnToolsVersion = 12.5.1;
					};
					F559D98926E0A99500F5FDBF = {
						CreatedOnToolsVersion = 12.5.1;
						TestTargetID = F559D97326E0A99400F5FDBF;
					};
					F559D99426E0A99500F5FDBF = {
						CreatedOnToolsVersion = 12.5.1;
						TestTargetID = F559D97326E0A99400F5FDBF;
					};
				};
			};
			buildConfigurationList = F559D96F26E0A99400F5FDBF /* Build configuration list for PBXProject "Todoer" */;
			compatibilityVersion = "Xcode 9.3";
			developmentRegion = en;
			hasScannedForEncodings = 0;
			knownRegions = (
				en,
				Base,
			);
			mainGroup = F559D96B26E0A99400F5FDBF;
			packageReferences = (
				F5C74FD826E0FF4D0084084C /* XCRemoteSwiftPackageReference "swiftui-drawer" */,
			);
			productRefGroup = F559D97526E0A99400F5FDBF /* Products */;
			projectDirPath = "";
			projectRoot = "";
			targets = (
				F559D97326E0A99400F5FDBF /* Todoer */,
				F559D98926E0A99500F5FDBF /* TodoerTests */,
				F559D99426E0A99500F5FDBF /* TodoerUITests */,
			);
		};
/* End PBXProject section */

/* Begin PBXResourcesBuildPhase section */
		F559D97226E0A99400F5FDBF /* Resources */ = {
			isa = PBXResourcesBuildPhase;
			buildActionMask = 2147483647;
			files = (
				F559D97F26E0A99500F5FDBF /* Preview Assets.xcassets in Resources */,
				F559D97C26E0A99500F5FDBF /* Assets.xcassets in Resources */,
			);
			runOnlyForDeploymentPostprocessing = 0;
		};
		F559D98826E0A99500F5FDBF /* Resources */ = {
			isa = PBXResourcesBuildPhase;
			buildActionMask = 2147483647;
			files = (
			);
			runOnlyForDeploymentPostprocessing = 0;
		};
		F559D99326E0A99500F5FDBF /* Resources */ = {
			isa = PBXResourcesBuildPhase;
			buildActionMask = 2147483647;
			files = (
			);
			runOnlyForDeploymentPostprocessing = 0;
		};
/* End PBXResourcesBuildPhase section */

/* Begin PBXSourcesBuildPhase section */
		F559D97026E0A99400F5FDBF /* Sources */ = {
			isa = PBXSourcesBuildPhase;
			buildActionMask = 2147483647;
			files = (
				F559D98426E0A99500F5FDBF /* Todoer.xcdatamodeld in Sources */,
				F559D98126E0A99500F5FDBF /* Persistence.swift in Sources */,
				F559D97A26E0A99400F5FDBF /* ContentView.swift in Sources */,
				F559D97826E0A99400F5FDBF /* TodoerApp.swift in Sources */,
			);
			runOnlyForDeploymentPostprocessing = 0;
		};
		F559D98626E0A99500F5FDBF /* Sources */ = {
			isa = PBXSourcesBuildPhase;
			buildActionMask = 2147483647;
			files = (
				F559D98F26E0A99500F5FDBF /* TodoerTests.swift in Sources */,
			);
			runOnlyForDeploymentPostprocessing = 0;
		};
		F559D99126E0A99500F5FDBF /* Sources */ = {
			isa = PBXSourcesBuildPhase;
			buildActionMask = 2147483647;
			files = (
				F559D99A26E0A99500F5FDBF /* TodoerUITests.swift in Sources */,
			);
			runOnlyForDeploymentPostprocessing = 0;
		};
/* End PBXSourcesBuildPhase section */

/* Begin PBXTargetDependency section */
		F559D98C26E0A99500F5FDBF /* PBXTargetDependency */ = {
			isa = PBXTargetDependency;
			target = F559D97326E0A99400F5FDBF /* Todoer */;
			targetProxy = F559D98B26E0A99500F5FDBF /* PBXContainerItemProxy */;
		};
		F559D99726E0A99500F5FDBF /* PBXTargetDependency */ = {
			isa = PBXTargetDependency;
			target = F559D97326E0A99400F5FDBF /* Todoer */;
			targetProxy = F559D99626E0A99500F5FDBF /* PBXContainerItemProxy */;
		};
/* End PBXTargetDependency section */

/* Begin XCBuildConfiguration section */
		F559D99C26E0A99500F5FDBF /* Debug */ = {
			isa = XCBuildConfiguration;
			buildSettings = {
				ALWAYS_SEARCH_USER_PATHS = NO;
				CLANG_ANALYZER_NONNULL = YES;
				CLANG_ANALYZER_NUMBER_OBJECT_CONVERSION = YES_AGGRESSIVE;
				CLANG_CXX_LANGUAGE_STANDARD = "gnu++14";
				CLANG_CXX_LIBRARY = "libc++";
				CLANG_ENABLE_MODULES = YES;
				CLANG_ENABLE_OBJC_ARC = YES;
				CLANG_ENABLE_OBJC_WEAK = YES;
				CLANG_WARN_BLOCK_CAPTURE_AUTORELEASING = YES;
				CLANG_WARN_BOOL_CONVERSION = YES;
				CLANG_WARN_COMMA = YES;
				CLANG_WARN_CONSTANT_CONVERSION = YES;
				CLANG_WARN_DEPRECATED_OBJC_IMPLEMENTATIONS = YES;
				CLANG_WARN_DIRECT_OBJC_ISA_USAGE = YES_ERROR;
				CLANG_WARN_DOCUMENTATION_COMMENTS = YES;
				CLANG_WARN_EMPTY_BODY = YES;
				CLANG_WARN_ENUM_CONVERSION = YES;
				CLANG_WARN_INFINITE_RECURSION = YES;
				CLANG_WARN_INT_CONVERSION = YES;
				CLANG_WARN_NON_LITERAL_NULL_CONVERSION = YES;
				CLANG_WARN_OBJC_IMPLICIT_RETAIN_SELF = YES;
				CLANG_WARN_OBJC_LITERAL_CONVERSION = YES;
				CLANG_WARN_OBJC_ROOT_CLASS = YES_ERROR;
				CLANG_WARN_QUOTED_INCLUDE_IN_FRAMEWORK_HEADER = YES;
				CLANG_WARN_RANGE_LOOP_ANALYSIS = YES;
				CLANG_WARN_STRICT_PROTOTYPES = YES;
				CLANG_WARN_SUSPICIOUS_MOVE = YES;
				CLANG_WARN_UNGUARDED_AVAILABILITY = YES_AGGRESSIVE;
				CLANG_WARN_UNREACHABLE_CODE = YES;
				CLANG_WARN__DUPLICATE_METHOD_MATCH = YES;
				COPY_PHASE_STRIP = NO;
				DEBUG_INFORMATION_FORMAT = dwarf;
				ENABLE_STRICT_OBJC_MSGSEND = YES;
				ENABLE_TESTABILITY = YES;
				GCC_C_LANGUAGE_STANDARD = gnu11;
				GCC_DYNAMIC_NO_PIC = NO;
				GCC_NO_COMMON_BLOCKS = YES;
				GCC_OPTIMIZATION_LEVEL = 0;
				GCC_PREPROCESSOR_DEFINITIONS = (
					"DEBUG=1",
					"$(inherited)",
				);
				GCC_WARN_64_TO_32_BIT_CONVERSION = YES;
				GCC_WARN_ABOUT_RETURN_TYPE = YES_ERROR;
				GCC_WARN_UNDECLARED_SELECTOR = YES;
				GCC_WARN_UNINITIALIZED_AUTOS = YES_AGGRESSIVE;
				GCC_WARN_UNUSED_FUNCTION = YES;
				GCC_WARN_UNUSED_VARIABLE = YES;
				IPHONEOS_DEPLOYMENT_TARGET = 14.5;
				MTL_ENABLE_DEBUG_INFO = INCLUDE_SOURCE;
				MTL_FAST_MATH = YES;
				ONLY_ACTIVE_ARCH = YES;
				SDKROOT = iphoneos;
				SWIFT_ACTIVE_COMPILATION_CONDITIONS = DEBUG;
				SWIFT_OPTIMIZATION_LEVEL = "-Onone";
			};
			name = Debug;
		};
		F559D99D26E0A99500F5FDBF /* Release */ = {
			isa = XCBuildConfiguration;
			buildSettings = {
				ALWAYS_SEARCH_USER_PATHS = NO;
				CLANG_ANALYZER_NONNULL = YES;
				CLANG_ANALYZER_NUMBER_OBJECT_CONVERSION = YES_AGGRESSIVE;
				CLANG_CXX_LANGUAGE_STANDARD = "gnu++14";
				CLANG_CXX_LIBRARY = "libc++";
				CLANG_ENABLE_MODULES = YES;
				CLANG_ENABLE_OBJC_ARC = YES;
				CLANG_ENABLE_OBJC_WEAK = YES;
				CLANG_WARN_BLOCK_CAPTURE_AUTORELEASING = YES;
				CLANG_WARN_BOOL_CONVERSION = YES;
				CLANG_WARN_COMMA = YES;
				CLANG_WARN_CONSTANT_CONVERSION = YES;
				CLANG_WARN_DEPRECATED_OBJC_IMPLEMENTATIONS = YES;
				CLANG_WARN_DIRECT_OBJC_ISA_USAGE = YES_ERROR;
				CLANG_WARN_DOCUMENTATION_COMMENTS = YES;
				CLANG_WARN_EMPTY_BODY = YES;
				CLANG_WARN_ENUM_CONVERSION = YES;
				CLANG_WARN_INFINITE_RECURSION = YES;
				CLANG_WARN_INT_CONVERSION = YES;
				CLANG_WARN_NON_LITERAL_NULL_CONVERSION = YES;
				CLANG_WARN_OBJC_IMPLICIT_RETAIN_SELF = YES;
				CLANG_WARN_OBJC_LITERAL_CONVERSION = YES;
				CLANG_WARN_OBJC_ROOT_CLASS = YES_ERROR;
				CLANG_WARN_QUOTED_INCLUDE_IN_FRAMEWORK_HEADER = YES;
				CLANG_WARN_RANGE_LOOP_ANALYSIS = YES;
				CLANG_WARN_STRICT_PROTOTYPES = YES;
				CLANG_WARN_SUSPICIOUS_MOVE = YES;
				CLANG_WARN_UNGUARDED_AVAILABILITY = YES_AGGRESSIVE;
				CLANG_WARN_UNREACHABLE_CODE = YES;
				CLANG_WARN__DUPLICATE_METHOD_MATCH = YES;
				COPY_PHASE_STRIP = NO;
				DEBUG_INFORMATION_FORMAT = "dwarf-with-dsym";
				ENABLE_NS_ASSERTIONS = NO;
				ENABLE_STRICT_OBJC_MSGSEND = YES;
				GCC_C_LANGUAGE_STANDARD = gnu11;
				GCC_NO_COMMON_BLOCKS = YES;
				GCC_WARN_64_TO_32_BIT_CONVERSION = YES;
				GCC_WARN_ABOUT_RETURN_TYPE = YES_ERROR;
				GCC_WARN_UNDECLARED_SELECTOR = YES;
				GCC_WARN_UNINITIALIZED_AUTOS = YES_AGGRESSIVE;
				GCC_WARN_UNUSED_FUNCTION = YES;
				GCC_WARN_UNUSED_VARIABLE = YES;
				IPHONEOS_DEPLOYMENT_TARGET = 14.5;
				MTL_ENABLE_DEBUG_INFO = NO;
				MTL_FAST_MATH = YES;
				SDKROOT = iphoneos;
				SWIFT_COMPILATION_MODE = wholemodule;
				SWIFT_OPTIMIZATION_LEVEL = "-O";
				VALIDATE_PRODUCT = YES;
			};
			name = Release;
		};
		F559D99F26E0A99500F5FDBF /* Debug */ = {
			isa = XCBuildConfiguration;
			buildSettings = {
				ASSETCATALOG_COMPILER_APPICON_NAME = AppIcon;
				ASSETCATALOG_COMPILER_GLOBAL_ACCENT_COLOR_NAME = AccentColor;
				CODE_SIGN_STYLE = Automatic;
				DEVELOPMENT_ASSET_PATHS = "\"Todoer/Preview Content\"";
				DEVELOPMENT_TEAM = YY3SJGH3TH;
				ENABLE_PREVIEWS = YES;
				INFOPLIST_FILE = Todoer/Info.plist;
				IPHONEOS_DEPLOYMENT_TARGET = 14.0;
				LD_RUNPATH_SEARCH_PATHS = (
					"$(inherited)",
					"@executable_path/Frameworks",
				);
				PRODUCT_BUNDLE_IDENTIFIER = com.vaipixel.Todoer;
				PRODUCT_NAME = "$(TARGET_NAME)";
				SWIFT_VERSION = 5.0;
				TARGETED_DEVICE_FAMILY = "1,2";
			};
			name = Debug;
		};
		F559D9A026E0A99500F5FDBF /* Release */ = {
			isa = XCBuildConfiguration;
			buildSettings = {
				ASSETCATALOG_COMPILER_APPICON_NAME = AppIcon;
				ASSETCATALOG_COMPILER_GLOBAL_ACCENT_COLOR_NAME = AccentColor;
				CODE_SIGN_STYLE = Automatic;
				DEVELOPMENT_ASSET_PATHS = "\"Todoer/Preview Content\"";
				DEVELOPMENT_TEAM = YY3SJGH3TH;
				ENABLE_PREVIEWS = YES;
				INFOPLIST_FILE = Todoer/Info.plist;
				IPHONEOS_DEPLOYMENT_TARGET = 14.0;
				LD_RUNPATH_SEARCH_PATHS = (
					"$(inherited)",
					"@executable_path/Frameworks",
				);
				PRODUCT_BUNDLE_IDENTIFIER = com.vaipixel.Todoer;
				PRODUCT_NAME = "$(TARGET_NAME)";
				SWIFT_VERSION = 5.0;
				TARGETED_DEVICE_FAMILY = "1,2";
			};
			name = Release;
		};
		F559D9A226E0A99500F5FDBF /* Debug */ = {
			isa = XCBuildConfiguration;
			buildSettings = {
				ALWAYS_EMBED_SWIFT_STANDARD_LIBRARIES = YES;
				BUNDLE_LOADER = "$(TEST_HOST)";
				CODE_SIGN_STYLE = Automatic;
				DEVELOPMENT_TEAM = YY3SJGH3TH;
				INFOPLIST_FILE = TodoerTests/Info.plist;
				IPHONEOS_DEPLOYMENT_TARGET = 14.0;
				LD_RUNPATH_SEARCH_PATHS = (
					"$(inherited)",
					"@executable_path/Frameworks",
					"@loader_path/Frameworks",
				);
				PRODUCT_BUNDLE_IDENTIFIER = com.vaipixel.TodoerTests;
				PRODUCT_NAME = "$(TARGET_NAME)";
				SWIFT_VERSION = 5.0;
				TARGETED_DEVICE_FAMILY = "1,2";
				TEST_HOST = "$(BUILT_PRODUCTS_DIR)/Todoer.app/Todoer";
			};
			name = Debug;
		};
		F559D9A326E0A99500F5FDBF /* Release */ = {
			isa = XCBuildConfiguration;
			buildSettings = {
				ALWAYS_EMBED_SWIFT_STANDARD_LIBRARIES = YES;
				BUNDLE_LOADER = "$(TEST_HOST)";
				CODE_SIGN_STYLE = Automatic;
				DEVELOPMENT_TEAM = YY3SJGH3TH;
				INFOPLIST_FILE = TodoerTests/Info.plist;
				IPHONEOS_DEPLOYMENT_TARGET = 14.0;
				LD_RUNPATH_SEARCH_PATHS = (
					"$(inherited)",
					"@executable_path/Frameworks",
					"@loader_path/Frameworks",
				);
				PRODUCT_BUNDLE_IDENTIFIER = com.vaipixel.TodoerTests;
				PRODUCT_NAME = "$(TARGET_NAME)";
				SWIFT_VERSION = 5.0;
				TARGETED_DEVICE_FAMILY = "1,2";
				TEST_HOST = "$(BUILT_PRODUCTS_DIR)/Todoer.app/Todoer";
			};
			name = Release;
		};
		F559D9A526E0A99500F5FDBF /* Debug */ = {
			isa = XCBuildConfiguration;
			buildSettings = {
				ALWAYS_EMBED_SWIFT_STANDARD_LIBRARIES = YES;
				CODE_SIGN_STYLE = Automatic;
				DEVELOPMENT_TEAM = YY3SJGH3TH;
				INFOPLIST_FILE = TodoerUITests/Info.plist;
				LD_RUNPATH_SEARCH_PATHS = (
					"$(inherited)",
					"@executable_path/Frameworks",
					"@loader_path/Frameworks",
				);
				PRODUCT_BUNDLE_IDENTIFIER = com.vaipixel.TodoerUITests;
				PRODUCT_NAME = "$(TARGET_NAME)";
				SWIFT_VERSION = 5.0;
				TARGETED_DEVICE_FAMILY = "1,2";
				TEST_TARGET_NAME = Todoer;
			};
			name = Debug;
		};
		F559D9A626E0A99500F5FDBF /* Release */ = {
			isa = XCBuildConfiguration;
			buildSettings = {
				ALWAYS_EMBED_SWIFT_STANDARD_LIBRARIES = YES;
				CODE_SIGN_STYLE = Automatic;
				DEVELOPMENT_TEAM = YY3SJGH3TH;
				INFOPLIST_FILE = TodoerUITests/Info.plist;
				LD_RUNPATH_SEARCH_PATHS = (
					"$(inherited)",
					"@executable_path/Frameworks",
					"@loader_path/Frameworks",
				);
				PRODUCT_BUNDLE_IDENTIFIER = com.vaipixel.TodoerUITests;
				PRODUCT_NAME = "$(TARGET_NAME)";
				SWIFT_VERSION = 5.0;
				TARGETED_DEVICE_FAMILY = "1,2";
				TEST_TARGET_NAME = Todoer;
			};
			name = Release;
		};
/* End XCBuildConfiguration section */

/* Begin XCConfigurationList section */
		F559D96F26E0A99400F5FDBF /* Build configuration list for PBXProject "Todoer" */ = {
			isa = XCConfigurationList;
			buildConfigurations = (
				F559D99C26E0A99500F5FDBF /* Debug */,
				F559D99D26E0A99500F5FDBF /* Release */,
			);
			defaultConfigurationIsVisible = 0;
			defaultConfigurationName = Release;
		};
		F559D99E26E0A99500F5FDBF /* Build configuration list for PBXNativeTarget "Todoer" */ = {
			isa = XCConfigurationList;
			buildConfigurations = (
				F559D99F26E0A99500F5FDBF /* Debug */,
				F559D9A026E0A99500F5FDBF /* Release */,
			);
			defaultConfigurationIsVisible = 0;
			defaultConfigurationName = Release;
		};
		F559D9A126E0A99500F5FDBF /* Build configuration list for PBXNativeTarget "TodoerTests" */ = {
			isa = XCConfigurationList;
			buildConfigurations = (
				F559D9A226E0A99500F5FDBF /* Debug */,
				F559D9A326E0A99500F5FDBF /* Release */,
			);
			defaultConfigurationIsVisible = 0;
			defaultConfigurationName = Release;
		};
		F559D9A426E0A99500F5FDBF /* Build configuration list for PBXNativeTarget "TodoerUITests" */ = {
			isa = XCConfigurationList;
			buildConfigurations = (
				F559D9A526E0A99500F5FDBF /* Debug */,
				F559D9A626E0A99500F5FDBF /* Release */,
			);
			defaultConfigurationIsVisible = 0;
			defaultConfigurationName = Release;
		};
/* End XCConfigurationList section */

/* Begin XCRemoteSwiftPackageReference section */
		F5C74FD826E0FF4D0084084C /* XCRemoteSwiftPackageReference "swiftui-drawer" */ = {
			isa = XCRemoteSwiftPackageReference;
			repositoryURL = "https://github.com/maustinstar/swiftui-drawer";
			requirement = {
				branch = master;
				kind = branch;
			};
		};
/* End XCRemoteSwiftPackageReference section */

/* Begin XCSwiftPackageProductDependency section */
		F5C74FD926E0FF4D0084084C /* Drawer */ = {
			isa = XCSwiftPackageProductDependency;
			package = F5C74FD826E0FF4D0084084C /* XCRemoteSwiftPackageReference "swiftui-drawer" */;
			productName = Drawer;
		};
/* End XCSwiftPackageProductDependency section */

/* Begin XCVersionGroup section */
		F559D98226E0A99500F5FDBF /* Todoer.xcdatamodeld */ = {
			isa = XCVersionGroup;
			children = (
				F559D98326E0A99500F5FDBF /* Todoer.xcdatamodel */,
			);
			currentVersion = F559D98326E0A99500F5FDBF /* Todoer.xcdatamodel */;
			path = Todoer.xcdatamodeld;
			sourceTree = "<group>";
			versionGroupType = wrapper.xcdatamodel;
		};
/* End XCVersionGroup section */
	};
	rootObject = F559D96C26E0A99400F5FDBF /* Project object */;
}
